
Microsoft Visual Studio Solution File, Format Version 12.00
# Visual Studio Version 17
VisualStudioVersion = 17.7.34031.279
MinimumVisualStudioVersion = 10.0.40219.1
Project("{8BC9CEB8-8B4A-11D0-8D11-00A0C91BC942}") = "Football Container", "Football Container\Football Container.vcxproj", "{A712D711-E66B-40E2-9891-172D29D38038}"
EndProject
Global
	GlobalSection(SolutionConfigurationPlatforms) = preSolution
		Debug|x64 = Debug|x64
		Debug|x86 = Debug|x86
		Release|x64 = Release|x64
		Release|x86 = Release|x86
	EndGlobalSection
	GlobalSection(ProjectConfigurationPlatforms) = postSolution
		{A712D711-E66B-40E2-9891-172D29D38038}.Debug|x64.ActiveCfg = Debug|x64
		{A712D711-E66B-40E2-9891-172D29D38038}.Debug|x64.Build.0 = Debug|x64
		{A712D711-E66B-40E2-9891-172D29D38038}.Debug|x86.ActiveCfg = Debug|Win32
		{A712D711-E66B-40E2-9891-172D29D38038}.Debug|x86.Build.0 = Debug|Win32
		{A712D711-E66B-40E2-9891-172D29D38038}.Release|x64.ActiveCfg = Release|x64
		{A712D711-E66B-40E2-9891-172D29D38038}.Release|x64.Build.0 = Release|x64
		{A712D711-E66B-40E2-9891-172D29D38038}.Release|x86.ActiveCfg = Release|Win32
		{A712D711-E66B-40E2-9891-172D29D38038}.Release|x86.Build.0 = Release|Win32
	EndGlobalSection
	GlobalSection(SolutionProperties) = preSolution
		HideSolutionNode = FALSE
	EndGlobalSection
	GlobalSection(ExtensibilityGlobals) = postSolution
		SolutionGuid = {3C0C6D11-36F4-4FFA-B11D-C01B9A316C85}
	EndGlobalSection
EndGlobal
