
Microsoft Visual Studio Solution File, Format Version 12.00
# Visual Studio Version 17
VisualStudioVersion = 17.5.33627.172
MinimumVisualStudioVersion = 10.0.40219.1
Project("{8BC9CEB8-8B4A-11D0-8D11-00A0C91BC942}") = "Polinom", "Polinom\Polinom.vcxproj", "{8B6B286A-F8FC-4DF5-A2AC-5B4C65C08189}"
EndProject
Project("{8BC9CEB8-8B4A-11D0-8D11-00A0C91BC942}") = "PolyTools", "PolyTools\PolyTools.vcxproj", "{66D3340E-9768-44CE-91B1-E6BEF1FA3485}"
EndProject
Project("{8BC9CEB8-8B4A-11D0-8D11-00A0C91BC942}") = "Polinomial test", "Polinomial test\Polinomial test.vcxproj", "{5B63E18C-7386-4626-BCDC-3DEF69F359A7}"
EndProject
Global
	GlobalSection(SolutionConfigurationPlatforms) = preSolution
		Debug|x64 = Debug|x64
		Debug|x86 = Debug|x86
		Release|x64 = Release|x64
		Release|x86 = Release|x86
	EndGlobalSection
	GlobalSection(ProjectConfigurationPlatforms) = postSolution
		{8B6B286A-F8FC-4DF5-A2AC-5B4C65C08189}.Debug|x64.ActiveCfg = Debug|x64
		{8B6B286A-F8FC-4DF5-A2AC-5B4C65C08189}.Debug|x64.Build.0 = Debug|x64
		{8B6B286A-F8FC-4DF5-A2AC-5B4C65C08189}.Debug|x86.ActiveCfg = Debug|Win32
		{8B6B286A-F8FC-4DF5-A2AC-5B4C65C08189}.Debug|x86.Build.0 = Debug|Win32
		{8B6B286A-F8FC-4DF5-A2AC-5B4C65C08189}.Release|x64.ActiveCfg = Release|x64
		{8B6B286A-F8FC-4DF5-A2AC-5B4C65C08189}.Release|x64.Build.0 = Release|x64
		{8B6B286A-F8FC-4DF5-A2AC-5B4C65C08189}.Release|x86.ActiveCfg = Release|Win32
		{8B6B286A-F8FC-4DF5-A2AC-5B4C65C08189}.Release|x86.Build.0 = Release|Win32
		{66D3340E-9768-44CE-91B1-E6BEF1FA3485}.Debug|x64.ActiveCfg = Debug|x64
		{66D3340E-9768-44CE-91B1-E6BEF1FA3485}.Debug|x64.Build.0 = Debug|x64
		{66D3340E-9768-44CE-91B1-E6BEF1FA3485}.Debug|x86.ActiveCfg = Debug|Win32
		{66D3340E-9768-44CE-91B1-E6BEF1FA3485}.Debug|x86.Build.0 = Debug|Win32
		{66D3340E-9768-44CE-91B1-E6BEF1FA3485}.Release|x64.ActiveCfg = Release|x64
		{66D3340E-9768-44CE-91B1-E6BEF1FA3485}.Release|x64.Build.0 = Release|x64
		{66D3340E-9768-44CE-91B1-E6BEF1FA3485}.Release|x86.ActiveCfg = Release|Win32
		{66D3340E-9768-44CE-91B1-E6BEF1FA3485}.Release|x86.Build.0 = Release|Win32
		{5B63E18C-7386-4626-BCDC-3DEF69F359A7}.Debug|x64.ActiveCfg = Debug|x64
		{5B63E18C-7386-4626-BCDC-3DEF69F359A7}.Debug|x64.Build.0 = Debug|x64
		{5B63E18C-7386-4626-BCDC-3DEF69F359A7}.Debug|x86.ActiveCfg = Debug|Win32
		{5B63E18C-7386-4626-BCDC-3DEF69F359A7}.Debug|x86.Build.0 = Debug|Win32
		{5B63E18C-7386-4626-BCDC-3DEF69F359A7}.Release|x64.ActiveCfg = Release|x64
		{5B63E18C-7386-4626-BCDC-3DEF69F359A7}.Release|x64.Build.0 = Release|x64
		{5B63E18C-7386-4626-BCDC-3DEF69F359A7}.Release|x86.ActiveCfg = Release|Win32
		{5B63E18C-7386-4626-BCDC-3DEF69F359A7}.Release|x86.Build.0 = Release|Win32
	EndGlobalSection
	GlobalSection(SolutionProperties) = preSolution
		HideSolutionNode = FALSE
	EndGlobalSection
	GlobalSection(ExtensibilityGlobals) = postSolution
		SolutionGuid = {CE3021F0-413A-425A-8660-ED19836CB624}
	EndGlobalSection
EndGlobal
